
Microsoft Visual Studio Solution File, Format Version 12.00
# Visual Studio Version 17
VisualStudioVersion = 17.12.35506.116
MinimumVisualStudioVersion = 10.0.40219.1
Project("{FAE04EC0-301F-11D3-BF4B-00C04F79EFBC}") = "WebApi.Order", "WebApi.Order\WebApi.Order.csproj", "{CC64BA0C-DA3A-412E-BC6D-FB149755A2EC}"
EndProject
Project("{FAE04EC0-301F-11D3-BF4B-00C04F79EFBC}") = "SharedContracts", "SharedContracts\SharedContracts.csproj", "{9B74B2C3-3F13-4069-B176-5AF5B2D75EE6}"
EndProject
Project("{FAE04EC0-301F-11D3-BF4B-00C04F79EFBC}") = "WebApi.Payment", "WebApi.Payment\WebApi.Payment.csproj", "{AA7F41E0-31FE-445C-BBA9-A9817984728B}"
EndProject
Project("{FAE04EC0-301F-11D3-BF4B-00C04F79EFBC}") = "WebApi.Warehouse", "WebApi.Warehouse\WebApi.Warehouse.csproj", "{789229AA-4774-4AB1-82AF-2B9AEBD834E2}"
EndProject
Project("{FAE04EC0-301F-11D3-BF4B-00C04F79EFBC}") = "WebApi.SagaOrchestration", "WebApi.SagaOrchestration\WebApi.SagaOrchestration.csproj", "{F2A14A5C-59CE-41FE-9175-795186265CAF}"
EndProject
Global
	GlobalSection(SolutionConfigurationPlatforms) = preSolution
		Debug|Any CPU = Debug|Any CPU
		Release|Any CPU = Release|Any CPU
	EndGlobalSection
	GlobalSection(ProjectConfigurationPlatforms) = postSolution
		{CC64BA0C-DA3A-412E-BC6D-FB149755A2EC}.Debug|Any CPU.ActiveCfg = Debug|Any CPU
		{CC64BA0C-DA3A-412E-BC6D-FB149755A2EC}.Debug|Any CPU.Build.0 = Debug|Any CPU
		{CC64BA0C-DA3A-412E-BC6D-FB149755A2EC}.Release|Any CPU.ActiveCfg = Release|Any CPU
		{CC64BA0C-DA3A-412E-BC6D-FB149755A2EC}.Release|Any CPU.Build.0 = Release|Any CPU
		{9B74B2C3-3F13-4069-B176-5AF5B2D75EE6}.Debug|Any CPU.ActiveCfg = Debug|Any CPU
		{9B74B2C3-3F13-4069-B176-5AF5B2D75EE6}.Debug|Any CPU.Build.0 = Debug|Any CPU
		{9B74B2C3-3F13-4069-B176-5AF5B2D75EE6}.Release|Any CPU.ActiveCfg = Release|Any CPU
		{9B74B2C3-3F13-4069-B176-5AF5B2D75EE6}.Release|Any CPU.Build.0 = Release|Any CPU
		{AA7F41E0-31FE-445C-BBA9-A9817984728B}.Debug|Any CPU.ActiveCfg = Debug|Any CPU
		{AA7F41E0-31FE-445C-BBA9-A9817984728B}.Debug|Any CPU.Build.0 = Debug|Any CPU
		{AA7F41E0-31FE-445C-BBA9-A9817984728B}.Release|Any CPU.ActiveCfg = Release|Any CPU
		{AA7F41E0-31FE-445C-BBA9-A9817984728B}.Release|Any CPU.Build.0 = Release|Any CPU
		{789229AA-4774-4AB1-82AF-2B9AEBD834E2}.Debug|Any CPU.ActiveCfg = Debug|Any CPU
		{789229AA-4774-4AB1-82AF-2B9AEBD834E2}.Debug|Any CPU.Build.0 = Debug|Any CPU
		{789229AA-4774-4AB1-82AF-2B9AEBD834E2}.Release|Any CPU.ActiveCfg = Release|Any CPU
		{789229AA-4774-4AB1-82AF-2B9AEBD834E2}.Release|Any CPU.Build.0 = Release|Any CPU
		{F2A14A5C-59CE-41FE-9175-795186265CAF}.Debug|Any CPU.ActiveCfg = Debug|Any CPU
		{F2A14A5C-59CE-41FE-9175-795186265CAF}.Debug|Any CPU.Build.0 = Debug|Any CPU
		{F2A14A5C-59CE-41FE-9175-795186265CAF}.Release|Any CPU.ActiveCfg = Release|Any CPU
		{F2A14A5C-59CE-41FE-9175-795186265CAF}.Release|Any CPU.Build.0 = Release|Any CPU
	EndGlobalSection
	GlobalSection(SolutionProperties) = preSolution
		HideSolutionNode = FALSE
	EndGlobalSection
EndGlobal
